
Microsoft Visual Studio Solution File, Format Version 12.00
# Visual Studio Version 16
VisualStudioVersion = 16.0.29409.12
MinimumVisualStudioVersion = 10.0.40219.1
Project("{FAE04EC0-301F-11D3-BF4B-00C04F79EFBC}") = "Calculator_", "Calculator_\Calculator_.csproj", "{13D4A403-FF9B-43AA-9591-979F7E178691}"
EndProject
Global
	GlobalSection(SolutionConfigurationPlatforms) = preSolution
		Debug|Any CPU = Debug|Any CPU
		Release|Any CPU = Release|Any CPU
	EndGlobalSection
	GlobalSection(ProjectConfigurationPlatforms) = postSolution
		{13D4A403-FF9B-43AA-9591-979F7E178691}.Debug|Any CPU.ActiveCfg = Debug|Any CPU
		{13D4A403-FF9B-43AA-9591-979F7E178691}.Debug|Any CPU.Build.0 = Debug|Any CPU
		{13D4A403-FF9B-43AA-9591-979F7E178691}.Release|Any CPU.ActiveCfg = Release|Any CPU
		{13D4A403-FF9B-43AA-9591-979F7E178691}.Release|Any CPU.Build.0 = Release|Any CPU
	EndGlobalSection
	GlobalSection(SolutionProperties) = preSolution
		HideSolutionNode = FALSE
	EndGlobalSection
	GlobalSection(ExtensibilityGlobals) = postSolution
		SolutionGuid = {F283D723-88D2-4D38-8217-4B82C8F4C661}
	EndGlobalSection
EndGlobal
